
Microsoft Visual Studio Solution File, Format Version 12.00
# Visual Studio Version 16
VisualStudioVersion = 16.0.31424.327
MinimumVisualStudioVersion = 10.0.40219.1
Project("{888888A0-9F3D-457C-B088-3A5042F75D52}") = "nn_Module", "nn_Module\nn_Module.pyproj", "{2701819B-A02F-4B0C-9189-B2FE5BAB977A}"
EndProject
Global
	GlobalSection(SolutionConfigurationPlatforms) = preSolution
		Debug|Any CPU = Debug|Any CPU
		Release|Any CPU = Release|Any CPU
	EndGlobalSection
	GlobalSection(ProjectConfigurationPlatforms) = postSolution
		{2701819B-A02F-4B0C-9189-B2FE5BAB977A}.Debug|Any CPU.ActiveCfg = Debug|Any CPU
		{2701819B-A02F-4B0C-9189-B2FE5BAB977A}.Release|Any CPU.ActiveCfg = Release|Any CPU
	EndGlobalSection
	GlobalSection(SolutionProperties) = preSolution
		HideSolutionNode = FALSE
	EndGlobalSection
	GlobalSection(ExtensibilityGlobals) = postSolution
		SolutionGuid = {3E6E28C1-E7FC-4360-B41E-D26818DC51C5}
	EndGlobalSection
EndGlobal
